
Microsoft Visual Studio Solution File, Format Version 12.00
# Visual Studio 15
VisualStudioVersion = 15.0.28307.329
MinimumVisualStudioVersion = 10.0.40219.1
Project("{FAE04EC0-301F-11D3-BF4B-00C04F79EFBC}") = "WatchStore", "WatchStore\WatchStore.csproj", "{3E179230-6779-4473-B49A-9F593E22B203}"
EndProject
Global
	GlobalSection(SolutionConfigurationPlatforms) = preSolution
		Debug|Any CPU = Debug|Any CPU
		Release|Any CPU = Release|Any CPU
	EndGlobalSection
	GlobalSection(ProjectConfigurationPlatforms) = postSolution
		{3E179230-6779-4473-B49A-9F593E22B203}.Debug|Any CPU.ActiveCfg = Debug|Any CPU
		{3E179230-6779-4473-B49A-9F593E22B203}.Debug|Any CPU.Build.0 = Debug|Any CPU
		{3E179230-6779-4473-B49A-9F593E22B203}.Release|Any CPU.ActiveCfg = Release|Any CPU
		{3E179230-6779-4473-B49A-9F593E22B203}.Release|Any CPU.Build.0 = Release|Any CPU
	EndGlobalSection
	GlobalSection(SolutionProperties) = preSolution
		HideSolutionNode = FALSE
	EndGlobalSection
	GlobalSection(ExtensibilityGlobals) = postSolution
		SolutionGuid = {F4557483-2CB9-4FA1-99F4-416D6B40EC60}
	EndGlobalSection
EndGlobal
